PODS:
  - LeapCoreSDK (1.1.5)
  - LeapCreatorSDK (1.1.5)
  - LeapSDK (1.1.5):
    - LeapCoreSDK (~> 1.1.5)

DEPENDENCIES:
  - LeapCreatorSDK (~> 1.1.5)
  - LeapSDK (~> 1.1.5)

SPEC REPOS:
  trunk:
    - LeapCoreSDK
    - LeapCreatorSDK
    - LeapSDK

SPEC CHECKSUMS:
  LeapCoreSDK: f374bc372268e452e2ec7ac89a3c87940eb5f1c5
  LeapCreatorSDK: 5a2ba5f38397f6ead749e3994fee2e7c7b21b779
  LeapSDK: 849dfe49bfe9167b29e7eddb25063fa27d0a83e0

PODFILE CHECKSUM: 88094463f2b31913ba553702c4377113e94d4d3a

COCOAPODS: 1.10.2
