PODS:
  - LeapCoreSDK (1.1.0)
  - LeapCreatorSDK (1.1.0)
  - LeapSDK (1.1.0):
    - LeapCoreSDK (~> 1.1.0)

DEPENDENCIES:
  - LeapCreatorSDK (~> 1.1.0)
  - LeapSDK (~> 1.1.0)

SPEC REPOS:
  trunk:
    - LeapCoreSDK
    - LeapCreatorSDK
    - LeapSDK

SPEC CHECKSUMS:
  LeapCoreSDK: f0ae9f872dc7d05aa3a185200d8a492b507e4504
  LeapCreatorSDK: a3c7e6fca85506c4d6d48da32bbb5f9e0174a4a9
  LeapSDK: b47f6a5e109cff59a1b949431744e9714425271f

PODFILE CHECKSUM: b7f3bb2168a0b2532b70c2e8247306f545805b28

COCOAPODS: 1.10.2
