// !$*UTF8*$!
{
	archiveVersion = 1;
	classes = {
	};
	objectVersion = 50;
	objects = {

/* Begin PBXBuildFile section */
		2D1C6FC925E4D4A10079BB17 /* AppDelegate.swift in Sources */ = {isa = PBXBuildFile; fileRef = 2D1C6FC825E4D4A10079BB17 /* AppDelegate.swift */; };
		2D1C6FCD25E4D4A10079BB17 /* HomeViewController.swift in Sources */ = {isa = PBXBuildFile; fileRef = 2D1C6FCC25E4D4A10079BB17 /* HomeViewController.swift */; };
		2D1C6FD025E4D4A10079BB17 /* Main.storyboard in Resources */ = {isa = PBXBuildFile; fileRef = 2D1C6FCE25E4D4A10079BB17 /* Main.storyboard */; };
		2D1C6FD225E4D4A30079BB17 /* Assets.xcassets in Resources */ = {isa = PBXBuildFile; fileRef = 2D1C6FD125E4D4A30079BB17 /* Assets.xcassets */; };
		2D1C6FD525E4D4A30079BB17 /* LaunchScreen.storyboard in Resources */ = {isa = PBXBuildFile; fileRef = 2D1C6FD325E4D4A30079BB17 /* LaunchScreen.storyboard */; };
		2D1C6FE025E4D4A40079BB17 /* LeapDemoAppTests.swift in Sources */ = {isa = PBXBuildFile; fileRef = 2D1C6FDF25E4D4A40079BB17 /* LeapDemoAppTests.swift */; };
		2D1C6FEB25E4D4A40079BB17 /* LeapDemoAppUITests.swift in Sources */ = {isa = PBXBuildFile; fileRef = 2D1C6FEA25E4D4A40079BB17 /* LeapDemoAppUITests.swift */; };
		2D1C6FFF25E4F0C50079BB17 /* WKWebViewController.swift in Sources */ = {isa = PBXBuildFile; fileRef = 2D1C6FFE25E4F0C50079BB17 /* WKWebViewController.swift */; };
		2DD2874B261E10E200BCA210 /* LeapCreatorSDK.framework in Frameworks */ = {isa = PBXBuildFile; fileRef = 2DD28743261E10B700BCA210 /* LeapCreatorSDK.framework */; };
		2DD2874C261E10E200BCA210 /* LeapCreatorSDK.framework in Embed Frameworks */ = {isa = PBXBuildFile; fileRef = 2DD28743261E10B700BCA210 /* LeapCreatorSDK.framework */; settings = {ATTRIBUTES = (CodeSignOnCopy, RemoveHeadersOnCopy, ); }; };
		2DD28778261E120E00BCA210 /* LeapAUISDK.framework in Frameworks */ = {isa = PBXBuildFile; fileRef = 2DD28741261E10B700BCA210 /* LeapAUISDK.framework */; };
		2DD28779261E120E00BCA210 /* LeapAUISDK.framework in Embed Frameworks */ = {isa = PBXBuildFile; fileRef = 2DD28741261E10B700BCA210 /* LeapAUISDK.framework */; settings = {ATTRIBUTES = (CodeSignOnCopy, RemoveHeadersOnCopy, ); }; };
		2DD2877A261E120E00BCA210 /* LeapCoreSDK.framework in Frameworks */ = {isa = PBXBuildFile; fileRef = 2DD2873F261E10B700BCA210 /* LeapCoreSDK.framework */; };
		2DD2877B261E120E00BCA210 /* LeapCoreSDK.framework in Embed Frameworks */ = {isa = PBXBuildFile; fileRef = 2DD2873F261E10B700BCA210 /* LeapCoreSDK.framework */; settings = {ATTRIBUTES = (CodeSignOnCopy, RemoveHeadersOnCopy, ); }; };
/* End PBXBuildFile section */

/* Begin PBXContainerItemProxy section */
		2D1C6FDC25E4D4A40079BB17 /* PBXContainerItemProxy */ = {
			isa = PBXContainerItemProxy;
			containerPortal = 2D1C6FBD25E4D4A10079BB17 /* Project object */;
			proxyType = 1;
			remoteGlobalIDString = 2D1C6FC425E4D4A10079BB17;
			remoteInfo = LeapDemoApp;
		};
		2D1C6FE725E4D4A40079BB17 /* PBXContainerItemProxy */ = {
			isa = PBXContainerItemProxy;
			containerPortal = 2D1C6FBD25E4D4A10079BB17 /* Project object */;
			proxyType = 1;
			remoteGlobalIDString = 2D1C6FC425E4D4A10079BB17;
			remoteInfo = LeapDemoApp;
		};
		2DD2873E261E10B700BCA210 /* PBXContainerItemProxy */ = {
			isa = PBXContainerItemProxy;
			containerPortal = 2DD28732261E10B700BCA210 /* LeapSDK.xcodeproj */;
			proxyType = 2;
			remoteGlobalIDString = D08DA66C25DEA2E800EB0EFC;
			remoteInfo = LeapCoreSDK;
		};
		2DD28740261E10B700BCA210 /* PBXContainerItemProxy */ = {
			isa = PBXContainerItemProxy;
			containerPortal = 2DD28732261E10B700BCA210 /* LeapSDK.xcodeproj */;
			proxyType = 2;
			remoteGlobalIDString = D0B603F725DFB6BA0092F735;
			remoteInfo = LeapAUISDK;
		};
		2DD28742261E10B700BCA210 /* PBXContainerItemProxy */ = {
			isa = PBXContainerItemProxy;
			containerPortal = 2DD28732261E10B700BCA210 /* LeapSDK.xcodeproj */;
			proxyType = 2;
			remoteGlobalIDString = D02C131625DFC6B000C80E28;
			remoteInfo = LeapCreatorSDK;
		};
		2DD28744261E10B700BCA210 /* PBXContainerItemProxy */ = {
			isa = PBXContainerItemProxy;
			containerPortal = 2DD28732261E10B700BCA210 /* LeapSDK.xcodeproj */;
			proxyType = 2;
			remoteGlobalIDString = D0F2C4B425DFCD81006BFF3D;
			remoteInfo = LeapSampleApp;
		};
/* End PBXContainerItemProxy section */

/* Begin PBXCopyFilesBuildPhase section */
		2D1C702B25E66DED0079BB17 /* Embed App Extensions */ = {
			isa = PBXCopyFilesBuildPhase;
			buildActionMask = 2147483647;
			dstPath = "";
			dstSubfolderSpec = 13;
			files = (
			);
			name = "Embed App Extensions";
			runOnlyForDeploymentPostprocessing = 0;
		};
		2DD2874D261E10E200BCA210 /* Embed Frameworks */ = {
			isa = PBXCopyFilesBuildPhase;
			buildActionMask = 2147483647;
			dstPath = "";
			dstSubfolderSpec = 10;
			files = (
				2DD2874C261E10E200BCA210 /* LeapCreatorSDK.framework in Embed Frameworks */,
				2DD2877B261E120E00BCA210 /* LeapCoreSDK.framework in Embed Frameworks */,
				2DD28779261E120E00BCA210 /* LeapAUISDK.framework in Embed Frameworks */,
			);
			name = "Embed Frameworks";
			runOnlyForDeploymentPostprocessing = 0;
		};
/* End PBXCopyFilesBuildPhase section */

/* Begin PBXFileReference section */
		2D1C6FC525E4D4A10079BB17 /* LeapDemoApp.app */ = {isa = PBXFileReference; explicitFileType = wrapper.application; includeInIndex = 0; path = LeapDemoApp.app; sourceTree = BUILT_PRODUCTS_DIR; };
		2D1C6FC825E4D4A10079BB17 /* AppDelegate.swift */ = {isa = PBXFileReference; lastKnownFileType = sourcecode.swift; path = AppDelegate.swift; sourceTree = "<group>"; };
		2D1C6FCC25E4D4A10079BB17 /* HomeViewController.swift */ = {isa = PBXFileReference; lastKnownFileType = sourcecode.swift; path = HomeViewController.swift; sourceTree = "<group>"; };
		2D1C6FCF25E4D4A10079BB17 /* Base */ = {isa = PBXFileReference; lastKnownFileType = file.storyboard; name = Base; path = Base.lproj/Main.storyboard; sourceTree = "<group>"; };
		2D1C6FD125E4D4A30079BB17 /* Assets.xcassets */ = {isa = PBXFileReference; lastKnownFileType = folder.assetcatalog; path = Assets.xcassets; sourceTree = "<group>"; };
		2D1C6FD425E4D4A30079BB17 /* Base */ = {isa = PBXFileReference; lastKnownFileType = file.storyboard; name = Base; path = Base.lproj/LaunchScreen.storyboard; sourceTree = "<group>"; };
		2D1C6FD625E4D4A30079BB17 /* Info.plist */ = {isa = PBXFileReference; lastKnownFileType = text.plist.xml; path = Info.plist; sourceTree = "<group>"; };
		2D1C6FDB25E4D4A40079BB17 /* LeapDemoAppTests.xctest */ = {isa = PBXFileReference; explicitFileType = wrapper.cfbundle; includeInIndex = 0; path = LeapDemoAppTests.xctest; sourceTree = BUILT_PRODUCTS_DIR; };
		2D1C6FDF25E4D4A40079BB17 /* LeapDemoAppTests.swift */ = {isa = PBXFileReference; lastKnownFileType = sourcecode.swift; path = LeapDemoAppTests.swift; sourceTree = "<group>"; };
		2D1C6FE125E4D4A40079BB17 /* Info.plist */ = {isa = PBXFileReference; lastKnownFileType = text.plist.xml; path = Info.plist; sourceTree = "<group>"; };
		2D1C6FE625E4D4A40079BB17 /* LeapDemoAppUITests.xctest */ = {isa = PBXFileReference; explicitFileType = wrapper.cfbundle; includeInIndex = 0; path = LeapDemoAppUITests.xctest; sourceTree = BUILT_PRODUCTS_DIR; };
		2D1C6FEA25E4D4A40079BB17 /* LeapDemoAppUITests.swift */ = {isa = PBXFileReference; lastKnownFileType = sourcecode.swift; path = LeapDemoAppUITests.swift; sourceTree = "<group>"; };
		2D1C6FEC25E4D4A40079BB17 /* Info.plist */ = {isa = PBXFileReference; lastKnownFileType = text.plist.xml; path = Info.plist; sourceTree = "<group>"; };
		2D1C6FFE25E4F0C50079BB17 /* WKWebViewController.swift */ = {isa = PBXFileReference; lastKnownFileType = sourcecode.swift; path = WKWebViewController.swift; sourceTree = "<group>"; };
		2D1C701A25E66DED0079BB17 /* UserNotifications.framework */ = {isa = PBXFileReference; lastKnownFileType = wrapper.framework; name = UserNotifications.framework; path = System/Library/Frameworks/UserNotifications.framework; sourceTree = SDKROOT; };
		2D1C701C25E66DED0079BB17 /* UserNotificationsUI.framework */ = {isa = PBXFileReference; lastKnownFileType = wrapper.framework; name = UserNotificationsUI.framework; path = System/Library/Frameworks/UserNotificationsUI.framework; sourceTree = SDKROOT; };
		2DD28732261E10B700BCA210 /* LeapSDK.xcodeproj */ = {isa = PBXFileReference; lastKnownFileType = "wrapper.pb-project"; name = LeapSDK.xcodeproj; path = ../Jiny/LeapSDK.xcodeproj; sourceTree = "<group>"; };
/* End PBXFileReference section */

/* Begin PBXFrameworksBuildPhase section */
		2D1C6FC225E4D4A10079BB17 /* Frameworks */ = {
			isa = PBXFrameworksBuildPhase;
			buildActionMask = 2147483647;
			files = (
				2DD2874B261E10E200BCA210 /* LeapCreatorSDK.framework in Frameworks */,
				2DD2877A261E120E00BCA210 /* LeapCoreSDK.framework in Frameworks */,
				2DD28778261E120E00BCA210 /* LeapAUISDK.framework in Frameworks */,
			);
			runOnlyForDeploymentPostprocessing = 0;
		};
		2D1C6FD825E4D4A40079BB17 /* Frameworks */ = {
			isa = PBXFrameworksBuildPhase;
			buildActionMask = 2147483647;
			files = (
			);
			runOnlyForDeploymentPostprocessing = 0;
		};
		2D1C6FE325E4D4A40079BB17 /* Frameworks */ = {
			isa = PBXFrameworksBuildPhase;
			buildActionMask = 2147483647;
			files = (
			);
			runOnlyForDeploymentPostprocessing = 0;
		};
/* End PBXFrameworksBuildPhase section */

/* Begin PBXGroup section */
		2D1C6FBC25E4D4A10079BB17 = {
			isa = PBXGroup;
			children = (
				2DD28732261E10B700BCA210 /* LeapSDK.xcodeproj */,
				2D1C6FC725E4D4A10079BB17 /* LeapDemoApp */,
				2D1C6FDE25E4D4A40079BB17 /* LeapDemoAppTests */,
				2D1C6FE925E4D4A40079BB17 /* LeapDemoAppUITests */,
				2D1C701925E66DED0079BB17 /* Frameworks */,
				2D1C6FC625E4D4A10079BB17 /* Products */,
			);
			sourceTree = "<group>";
		};
		2D1C6FC625E4D4A10079BB17 /* Products */ = {
			isa = PBXGroup;
			children = (
				2D1C6FC525E4D4A10079BB17 /* LeapDemoApp.app */,
				2D1C6FDB25E4D4A40079BB17 /* LeapDemoAppTests.xctest */,
				2D1C6FE625E4D4A40079BB17 /* LeapDemoAppUITests.xctest */,
			);
			name = Products;
			sourceTree = "<group>";
		};
		2D1C6FC725E4D4A10079BB17 /* LeapDemoApp */ = {
			isa = PBXGroup;
			children = (
				2D1C6FC825E4D4A10079BB17 /* AppDelegate.swift */,
				2D1C6FCC25E4D4A10079BB17 /* HomeViewController.swift */,
				2D1C6FFE25E4F0C50079BB17 /* WKWebViewController.swift */,
				2D1C6FCE25E4D4A10079BB17 /* Main.storyboard */,
				2D1C6FD125E4D4A30079BB17 /* Assets.xcassets */,
				2D1C6FD325E4D4A30079BB17 /* LaunchScreen.storyboard */,
				2D1C6FD625E4D4A30079BB17 /* Info.plist */,
			);
			path = LeapDemoApp;
			sourceTree = "<group>";
		};
		2D1C6FDE25E4D4A40079BB17 /* LeapDemoAppTests */ = {
			isa = PBXGroup;
			children = (
				2D1C6FDF25E4D4A40079BB17 /* LeapDemoAppTests.swift */,
				2D1C6FE125E4D4A40079BB17 /* Info.plist */,
			);
			path = LeapDemoAppTests;
			sourceTree = "<group>";
		};
		2D1C6FE925E4D4A40079BB17 /* LeapDemoAppUITests */ = {
			isa = PBXGroup;
			children = (
				2D1C6FEA25E4D4A40079BB17 /* LeapDemoAppUITests.swift */,
				2D1C6FEC25E4D4A40079BB17 /* Info.plist */,
			);
			path = LeapDemoAppUITests;
			sourceTree = "<group>";
		};
		2D1C701925E66DED0079BB17 /* Frameworks */ = {
			isa = PBXGroup;
			children = (
				2D1C701A25E66DED0079BB17 /* UserNotifications.framework */,
				2D1C701C25E66DED0079BB17 /* UserNotificationsUI.framework */,
			);
			name = Frameworks;
			sourceTree = "<group>";
		};
		2DD28733261E10B700BCA210 /* Products */ = {
			isa = PBXGroup;
			children = (
				2DD2873F261E10B700BCA210 /* LeapCoreSDK.framework */,
				2DD28741261E10B700BCA210 /* LeapAUISDK.framework */,
				2DD28743261E10B700BCA210 /* LeapCreatorSDK.framework */,
				2DD28745261E10B700BCA210 /* LeapSampleApp.app */,
			);
			name = Products;
			sourceTree = "<group>";
		};
/* End PBXGroup section */

/* Begin PBXNativeTarget section */
		2D1C6FC425E4D4A10079BB17 /* LeapDemoApp */ = {
			isa = PBXNativeTarget;
			buildConfigurationList = 2D1C6FEF25E4D4A40079BB17 /* Build configuration list for PBXNativeTarget "LeapDemoApp" */;
			buildPhases = (
				2D1C6FC125E4D4A10079BB17 /* Sources */,
				2D1C6FC225E4D4A10079BB17 /* Frameworks */,
				2D1C6FC325E4D4A10079BB17 /* Resources */,
				2D1C702B25E66DED0079BB17 /* Embed App Extensions */,
				2DD2874D261E10E200BCA210 /* Embed Frameworks */,
			);
			buildRules = (
			);
			dependencies = (
			);
			name = LeapDemoApp;
			packageProductDependencies = (
			);
			productName = LeapDemoApp;
			productReference = 2D1C6FC525E4D4A10079BB17 /* LeapDemoApp.app */;
			productType = "com.apple.product-type.application";
		};
		2D1C6FDA25E4D4A40079BB17 /* LeapDemoAppTests */ = {
			isa = PBXNativeTarget;
			buildConfigurationList = 2D1C6FF225E4D4A40079BB17 /* Build configuration list for PBXNativeTarget "LeapDemoAppTests" */;
			buildPhases = (
				2D1C6FD725E4D4A40079BB17 /* Sources */,
				2D1C6FD825E4D4A40079BB17 /* Frameworks */,
				2D1C6FD925E4D4A40079BB17 /* Resources */,
			);
			buildRules = (
			);
			dependencies = (
				2D1C6FDD25E4D4A40079BB17 /* PBXTargetDependency */,
			);
			name = LeapDemoAppTests;
			productName = LeapDemoAppTests;
			productReference = 2D1C6FDB25E4D4A40079BB17 /* LeapDemoAppTests.xctest */;
			productType = "com.apple.product-type.bundle.unit-test";
		};
		2D1C6FE525E4D4A40079BB17 /* LeapDemoAppUITests */ = {
			isa = PBXNativeTarget;
			buildConfigurationList = 2D1C6FF525E4D4A40079BB17 /* Build configuration list for PBXNativeTarget "LeapDemoAppUITests" */;
			buildPhases = (
				2D1C6FE225E4D4A40079BB17 /* Sources */,
				2D1C6FE325E4D4A40079BB17 /* Frameworks */,
				2D1C6FE425E4D4A40079BB17 /* Resources */,
			);
			buildRules = (
			);
			dependencies = (
				2D1C6FE825E4D4A40079BB17 /* PBXTargetDependency */,
			);
			name = LeapDemoAppUITests;
			productName = LeapDemoAppUITests;
			productReference = 2D1C6FE625E4D4A40079BB17 /* LeapDemoAppUITests.xctest */;
			productType = "com.apple.product-type.bundle.ui-testing";
		};
/* End PBXNativeTarget section */

/* Begin PBXProject section */
		2D1C6FBD25E4D4A10079BB17 /* Project object */ = {
			isa = PBXProject;
			attributes = {
				LastSwiftUpdateCheck = 1240;
				LastUpgradeCheck = 1240;
				TargetAttributes = {
					2D1C6FC425E4D4A10079BB17 = {
						CreatedOnToolsVersion = 12.4;
					};
					2D1C6FDA25E4D4A40079BB17 = {
						CreatedOnToolsVersion = 12.4;
						TestTargetID = 2D1C6FC425E4D4A10079BB17;
					};
					2D1C6FE525E4D4A40079BB17 = {
						CreatedOnToolsVersion = 12.4;
						TestTargetID = 2D1C6FC425E4D4A10079BB17;
					};
				};
			};
			buildConfigurationList = 2D1C6FC025E4D4A10079BB17 /* Build configuration list for PBXProject "LeapDemoApp" */;
			compatibilityVersion = "Xcode 9.3";
			developmentRegion = en;
			hasScannedForEncodings = 0;
			knownRegions = (
				en,
				Base,
			);
			mainGroup = 2D1C6FBC25E4D4A10079BB17;
			packageReferences = (
			);
			productRefGroup = 2D1C6FC625E4D4A10079BB17 /* Products */;
			projectDirPath = "";
			projectReferences = (
				{
					ProductGroup = 2DD28733261E10B700BCA210 /* Products */;
					ProjectRef = 2DD28732261E10B700BCA210 /* LeapSDK.xcodeproj */;
				},
			);
			projectRoot = "";
			targets = (
				2D1C6FC425E4D4A10079BB17 /* LeapDemoApp */,
				2D1C6FDA25E4D4A40079BB17 /* LeapDemoAppTests */,
				2D1C6FE525E4D4A40079BB17 /* LeapDemoAppUITests */,
			);
		};
/* End PBXProject section */

/* Begin PBXReferenceProxy section */
		2DD2873F261E10B700BCA210 /* LeapCoreSDK.framework */ = {
			isa = PBXReferenceProxy;
			fileType = wrapper.framework;
			path = LeapCoreSDK.framework;
			remoteRef = 2DD2873E261E10B700BCA210 /* PBXContainerItemProxy */;
			sourceTree = BUILT_PRODUCTS_DIR;
		};
		2DD28741261E10B700BCA210 /* LeapAUISDK.framework */ = {
			isa = PBXReferenceProxy;
			fileType = wrapper.framework;
			path = LeapAUISDK.framework;
			remoteRef = 2DD28740261E10B700BCA210 /* PBXContainerItemProxy */;
			sourceTree = BUILT_PRODUCTS_DIR;
		};
		2DD28743261E10B700BCA210 /* LeapCreatorSDK.framework */ = {
			isa = PBXReferenceProxy;
			fileType = wrapper.framework;
			path = LeapCreatorSDK.framework;
			remoteRef = 2DD28742261E10B700BCA210 /* PBXContainerItemProxy */;
			sourceTree = BUILT_PRODUCTS_DIR;
		};
		2DD28745261E10B700BCA210 /* LeapSampleApp.app */ = {
			isa = PBXReferenceProxy;
			fileType = wrapper.application;
			path = LeapSampleApp.app;
			remoteRef = 2DD28744261E10B700BCA210 /* PBXContainerItemProxy */;
			sourceTree = BUILT_PRODUCTS_DIR;
		};
/* End PBXReferenceProxy section */

/* Begin PBXResourcesBuildPhase section */
		2D1C6FC325E4D4A10079BB17 /* Resources */ = {
			isa = PBXResourcesBuildPhase;
			buildActionMask = 2147483647;
			files = (
				2D1C6FD525E4D4A30079BB17 /* LaunchScreen.storyboard in Resources */,
				2D1C6FD225E4D4A30079BB17 /* Assets.xcassets in Resources */,
				2D1C6FD025E4D4A10079BB17 /* Main.storyboard in Resources */,
			);
			runOnlyForDeploymentPostprocessing = 0;
		};
		2D1C6FD925E4D4A40079BB17 /* Resources */ = {
			isa = PBXResourcesBuildPhase;
			buildActionMask = 2147483647;
			files = (
			);
			runOnlyForDeploymentPostprocessing = 0;
		};
		2D1C6FE425E4D4A40079BB17 /* Resources */ = {
			isa = PBXResourcesBuildPhase;
			buildActionMask = 2147483647;
			files = (
			);
			runOnlyForDeploymentPostprocessing = 0;
		};
/* End PBXResourcesBuildPhase section */

/* Begin PBXSourcesBuildPhase section */
		2D1C6FC125E4D4A10079BB17 /* Sources */ = {
			isa = PBXSourcesBuildPhase;
			buildActionMask = 2147483647;
			files = (
				2D1C6FCD25E4D4A10079BB17 /* HomeViewController.swift in Sources */,
				2D1C6FC925E4D4A10079BB17 /* AppDelegate.swift in Sources */,
				2D1C6FFF25E4F0C50079BB17 /* WKWebViewController.swift in Sources */,
			);
			runOnlyForDeploymentPostprocessing = 0;
		};
		2D1C6FD725E4D4A40079BB17 /* Sources */ = {
			isa = PBXSourcesBuildPhase;
			buildActionMask = 2147483647;
			files = (
				2D1C6FE025E4D4A40079BB17 /* LeapDemoAppTests.swift in Sources */,
			);
			runOnlyForDeploymentPostprocessing = 0;
		};
		2D1C6FE225E4D4A40079BB17 /* Sources */ = {
			isa = PBXSourcesBuildPhase;
			buildActionMask = 2147483647;
			files = (
				2D1C6FEB25E4D4A40079BB17 /* LeapDemoAppUITests.swift in Sources */,
			);
			runOnlyForDeploymentPostprocessing = 0;
		};
/* End PBXSourcesBuildPhase section */

/* Begin PBXTargetDependency section */
		2D1C6FDD25E4D4A40079BB17 /* PBXTargetDependency */ = {
			isa = PBXTargetDependency;
			target = 2D1C6FC425E4D4A10079BB17 /* LeapDemoApp */;
			targetProxy = 2D1C6FDC25E4D4A40079BB17 /* PBXContainerItemProxy */;
		};
		2D1C6FE825E4D4A40079BB17 /* PBXTargetDependency */ = {
			isa = PBXTargetDependency;
			target = 2D1C6FC425E4D4A10079BB17 /* LeapDemoApp */;
			targetProxy = 2D1C6FE725E4D4A40079BB17 /* PBXContainerItemProxy */;
		};
/* End PBXTargetDependency section */

/* Begin PBXVariantGroup section */
		2D1C6FCE25E4D4A10079BB17 /* Main.storyboard */ = {
			isa = PBXVariantGroup;
			children = (
				2D1C6FCF25E4D4A10079BB17 /* Base */,
			);
			name = Main.storyboard;
			sourceTree = "<group>";
		};
		2D1C6FD325E4D4A30079BB17 /* LaunchScreen.storyboard */ = {
			isa = PBXVariantGroup;
			children = (
				2D1C6FD425E4D4A30079BB17 /* Base */,
			);
			name = LaunchScreen.storyboard;
			sourceTree = "<group>";
		};
/* End PBXVariantGroup section */

/* Begin XCBuildConfiguration section */
		2D1C6FED25E4D4A40079BB17 /* Debug */ = {
			isa = XCBuildConfiguration;
			buildSettings = {
				ALWAYS_SEARCH_USER_PATHS = NO;
				CLANG_ANALYZER_NONNULL = YES;
				CLANG_ANALYZER_NUMBER_OBJECT_CONVERSION = YES_AGGRESSIVE;
				CLANG_CXX_LANGUAGE_STANDARD = "gnu++14";
				CLANG_CXX_LIBRARY = "libc++";
				CLANG_ENABLE_MODULES = YES;
				CLANG_ENABLE_OBJC_ARC = YES;
				CLANG_ENABLE_OBJC_WEAK = YES;
				CLANG_WARN_BLOCK_CAPTURE_AUTORELEASING = YES;
				CLANG_WARN_BOOL_CONVERSION = YES;
				CLANG_WARN_COMMA = YES;
				CLANG_WARN_CONSTANT_CONVERSION = YES;
				CLANG_WARN_DEPRECATED_OBJC_IMPLEMENTATIONS = YES;
				CLANG_WARN_DIRECT_OBJC_ISA_USAGE = YES_ERROR;
				CLANG_WARN_DOCUMENTATION_COMMENTS = YES;
				CLANG_WARN_EMPTY_BODY = YES;
				CLANG_WARN_ENUM_CONVERSION = YES;
				CLANG_WARN_INFINITE_RECURSION = YES;
				CLANG_WARN_INT_CONVERSION = YES;
				CLANG_WARN_NON_LITERAL_NULL_CONVERSION = YES;
				CLANG_WARN_OBJC_IMPLICIT_RETAIN_SELF = YES;
				CLANG_WARN_OBJC_LITERAL_CONVERSION = YES;
				CLANG_WARN_OBJC_ROOT_CLASS = YES_ERROR;
				CLANG_WARN_QUOTED_INCLUDE_IN_FRAMEWORK_HEADER = YES;
				CLANG_WARN_RANGE_LOOP_ANALYSIS = YES;
				CLANG_WARN_STRICT_PROTOTYPES = YES;
				CLANG_WARN_SUSPICIOUS_MOVE = YES;
				CLANG_WARN_UNGUARDED_AVAILABILITY = YES_AGGRESSIVE;
				CLANG_WARN_UNREACHABLE_CODE = YES;
				CLANG_WARN__DUPLICATE_METHOD_MATCH = YES;
				COPY_PHASE_STRIP = NO;
				DEBUG_INFORMATION_FORMAT = dwarf;
				ENABLE_STRICT_OBJC_MSGSEND = YES;
				ENABLE_TESTABILITY = YES;
				GCC_C_LANGUAGE_STANDARD = gnu11;
				GCC_DYNAMIC_NO_PIC = NO;
				GCC_NO_COMMON_BLOCKS = YES;
				GCC_OPTIMIZATION_LEVEL = 0;
				GCC_PREPROCESSOR_DEFINITIONS = (
					"DEBUG=1",
					"$(inherited)",
				);
				GCC_WARN_64_TO_32_BIT_CONVERSION = YES;
				GCC_WARN_ABOUT_RETURN_TYPE = YES_ERROR;
				GCC_WARN_UNDECLARED_SELECTOR = YES;
				GCC_WARN_UNINITIALIZED_AUTOS = YES_AGGRESSIVE;
				GCC_WARN_UNUSED_FUNCTION = YES;
				GCC_WARN_UNUSED_VARIABLE = YES;
				IPHONEOS_DEPLOYMENT_TARGET = 12.1;
				MTL_ENABLE_DEBUG_INFO = INCLUDE_SOURCE;
				MTL_FAST_MATH = YES;
				ONLY_ACTIVE_ARCH = YES;
				SDKROOT = iphoneos;
				SWIFT_ACTIVE_COMPILATION_CONDITIONS = DEBUG;
				SWIFT_OPTIMIZATION_LEVEL = "-Onone";
			};
			name = Debug;
		};
		2D1C6FEE25E4D4A40079BB17 /* Release */ = {
			isa = XCBuildConfiguration;
			buildSettings = {
				ALWAYS_SEARCH_USER_PATHS = NO;
				CLANG_ANALYZER_NONNULL = YES;
				CLANG_ANALYZER_NUMBER_OBJECT_CONVERSION = YES_AGGRESSIVE;
				CLANG_CXX_LANGUAGE_STANDARD = "gnu++14";
				CLANG_CXX_LIBRARY = "libc++";
				CLANG_ENABLE_MODULES = YES;
				CLANG_ENABLE_OBJC_ARC = YES;
				CLANG_ENABLE_OBJC_WEAK = YES;
				CLANG_WARN_BLOCK_CAPTURE_AUTORELEASING = YES;
				CLANG_WARN_BOOL_CONVERSION = YES;
				CLANG_WARN_COMMA = YES;
				CLANG_WARN_CONSTANT_CONVERSION = YES;
				CLANG_WARN_DEPRECATED_OBJC_IMPLEMENTATIONS = YES;
				CLANG_WARN_DIRECT_OBJC_ISA_USAGE = YES_ERROR;
				CLANG_WARN_DOCUMENTATION_COMMENTS = YES;
				CLANG_WARN_EMPTY_BODY = YES;
				CLANG_WARN_ENUM_CONVERSION = YES;
				CLANG_WARN_INFINITE_RECURSION = YES;
				CLANG_WARN_INT_CONVERSION = YES;
				CLANG_WARN_NON_LITERAL_NULL_CONVERSION = YES;
				CLANG_WARN_OBJC_IMPLICIT_RETAIN_SELF = YES;
				CLANG_WARN_OBJC_LITERAL_CONVERSION = YES;
				CLANG_WARN_OBJC_ROOT_CLASS = YES_ERROR;
				CLANG_WARN_QUOTED_INCLUDE_IN_FRAMEWORK_HEADER = YES;
				CLANG_WARN_RANGE_LOOP_ANALYSIS = YES;
				CLANG_WARN_STRICT_PROTOTYPES = YES;
				CLANG_WARN_SUSPICIOUS_MOVE = YES;
				CLANG_WARN_UNGUARDED_AVAILABILITY = YES_AGGRESSIVE;
				CLANG_WARN_UNREACHABLE_CODE = YES;
				CLANG_WARN__DUPLICATE_METHOD_MATCH = YES;
				COPY_PHASE_STRIP = NO;
				DEBUG_INFORMATION_FORMAT = "dwarf-with-dsym";
				ENABLE_NS_ASSERTIONS = NO;
				ENABLE_STRICT_OBJC_MSGSEND = YES;
				GCC_C_LANGUAGE_STANDARD = gnu11;
				GCC_NO_COMMON_BLOCKS = YES;
				GCC_WARN_64_TO_32_BIT_CONVERSION = YES;
				GCC_WARN_ABOUT_RETURN_TYPE = YES_ERROR;
				GCC_WARN_UNDECLARED_SELECTOR = YES;
				GCC_WARN_UNINITIALIZED_AUTOS = YES_AGGRESSIVE;
				GCC_WARN_UNUSED_FUNCTION = YES;
				GCC_WARN_UNUSED_VARIABLE = YES;
				IPHONEOS_DEPLOYMENT_TARGET = 12.1;
				MTL_ENABLE_DEBUG_INFO = NO;
				MTL_FAST_MATH = YES;
				SDKROOT = iphoneos;
				SWIFT_COMPILATION_MODE = wholemodule;
				SWIFT_OPTIMIZATION_LEVEL = "-O";
				VALIDATE_PRODUCT = YES;
			};
			name = Release;
		};
		2D1C6FF025E4D4A40079BB17 /* Debug */ = {
			isa = XCBuildConfiguration;
			buildSettings = {
				ALWAYS_EMBED_SWIFT_STANDARD_LIBRARIES = YES;
				ASSETCATALOG_COMPILER_APPICON_NAME = AppIcon;
				ASSETCATALOG_COMPILER_GLOBAL_ACCENT_COLOR_NAME = AccentColor;
				CODE_SIGN_STYLE = Automatic;
				DEVELOPMENT_TEAM = ZTR9S7UW64;
				INFOPLIST_FILE = LeapDemoApp/Info.plist;
				LD_RUNPATH_SEARCH_PATHS = (
					"$(inherited)",
					"@executable_path/Frameworks",
				);
				PRODUCT_BUNDLE_IDENTIFIER = com.leap.LeapSampleApp;
				PRODUCT_NAME = "$(TARGET_NAME)";
				SWIFT_VERSION = 5.0;
				TARGETED_DEVICE_FAMILY = "1,2";
			};
			name = Debug;
		};
		2D1C6FF125E4D4A40079BB17 /* Release */ = {
			isa = XCBuildConfiguration;
			buildSettings = {
				ALWAYS_EMBED_SWIFT_STANDARD_LIBRARIES = YES;
				ASSETCATALOG_COMPILER_APPICON_NAME = AppIcon;
				ASSETCATALOG_COMPILER_GLOBAL_ACCENT_COLOR_NAME = AccentColor;
				CODE_SIGN_STYLE = Automatic;
				DEVELOPMENT_TEAM = ZTR9S7UW64;
				INFOPLIST_FILE = LeapDemoApp/Info.plist;
				LD_RUNPATH_SEARCH_PATHS = (
					"$(inherited)",
					"@executable_path/Frameworks",
				);
				PRODUCT_BUNDLE_IDENTIFIER = com.leap.LeapSampleApp;
				PRODUCT_NAME = "$(TARGET_NAME)";
				SWIFT_VERSION = 5.0;
				TARGETED_DEVICE_FAMILY = "1,2";
			};
			name = Release;
		};
		2D1C6FF325E4D4A40079BB17 /* Debug */ = {
			isa = XCBuildConfiguration;
			buildSettings = {
				ALWAYS_EMBED_SWIFT_STANDARD_LIBRARIES = YES;
				BUNDLE_LOADER = "$(TEST_HOST)";
				CODE_SIGN_STYLE = Automatic;
				DEVELOPMENT_TEAM = ZTR9S7UW64;
				INFOPLIST_FILE = LeapDemoAppTests/Info.plist;
				IPHONEOS_DEPLOYMENT_TARGET = 12.1;
				LD_RUNPATH_SEARCH_PATHS = (
					"$(inherited)",
					"@executable_path/Frameworks",
					"@loader_path/Frameworks",
				);
				PRODUCT_BUNDLE_IDENTIFIER = com.leap.LeapDemoAppTests;
				PRODUCT_NAME = "$(TARGET_NAME)";
				SWIFT_VERSION = 5.0;
				TARGETED_DEVICE_FAMILY = "1,2";
				TEST_HOST = "$(BUILT_PRODUCTS_DIR)/LeapDemoApp.app/LeapDemoApp";
			};
			name = Debug;
		};
		2D1C6FF425E4D4A40079BB17 /* Release */ = {
			isa = XCBuildConfiguration;
			buildSettings = {
				ALWAYS_EMBED_SWIFT_STANDARD_LIBRARIES = YES;
				BUNDLE_LOADER = "$(TEST_HOST)";
				CODE_SIGN_STYLE = Automatic;
				DEVELOPMENT_TEAM = ZTR9S7UW64;
				INFOPLIST_FILE = LeapDemoAppTests/Info.plist;
				IPHONEOS_DEPLOYMENT_TARGET = 12.1;
				LD_RUNPATH_SEARCH_PATHS = (
					"$(inherited)",
					"@executable_path/Frameworks",
					"@loader_path/Frameworks",
				);
				PRODUCT_BUNDLE_IDENTIFIER = com.leap.LeapDemoAppTests;
				PRODUCT_NAME = "$(TARGET_NAME)";
				SWIFT_VERSION = 5.0;
				TARGETED_DEVICE_FAMILY = "1,2";
				TEST_HOST = "$(BUILT_PRODUCTS_DIR)/LeapDemoApp.app/LeapDemoApp";
			};
			name = Release;
		};
		2D1C6FF625E4D4A40079BB17 /* Debug */ = {
			isa = XCBuildConfiguration;
			buildSettings = {
				ALWAYS_EMBED_SWIFT_STANDARD_LIBRARIES = YES;
				"CODE_SIGN_IDENTITY[sdk=macosx*]" = "Apple Development";
				CODE_SIGN_STYLE = Automatic;
				DEVELOPMENT_TEAM = ZTR9S7UW64;
				INFOPLIST_FILE = LeapDemoAppUITests/Info.plist;
				LD_RUNPATH_SEARCH_PATHS = (
					"$(inherited)",
					"@executable_path/Frameworks",
					"@loader_path/Frameworks",
				);
				PRODUCT_BUNDLE_IDENTIFIER = com.leap.LeapDemoAppUITests;
				PRODUCT_NAME = "$(TARGET_NAME)";
				SWIFT_VERSION = 5.0;
				TARGETED_DEVICE_FAMILY = "1,2";
				TEST_TARGET_NAME = LeapDemoApp;
			};
			name = Debug;
		};
		2D1C6FF725E4D4A40079BB17 /* Release */ = {
			isa = XCBuildConfiguration;
			buildSettings = {
				ALWAYS_EMBED_SWIFT_STANDARD_LIBRARIES = YES;
				"CODE_SIGN_IDENTITY[sdk=macosx*]" = "Apple Development";
				CODE_SIGN_STYLE = Automatic;
				DEVELOPMENT_TEAM = ZTR9S7UW64;
				INFOPLIST_FILE = LeapDemoAppUITests/Info.plist;
				LD_RUNPATH_SEARCH_PATHS = (
					"$(inherited)",
					"@executable_path/Frameworks",
					"@loader_path/Frameworks",
				);
				PRODUCT_BUNDLE_IDENTIFIER = com.leap.LeapDemoAppUITests;
				PRODUCT_NAME = "$(TARGET_NAME)";
				SWIFT_VERSION = 5.0;
				TARGETED_DEVICE_FAMILY = "1,2";
				TEST_TARGET_NAME = LeapDemoApp;
			};
			name = Release;
		};
/* End XCBuildConfiguration section */

/* Begin XCConfigurationList section */
		2D1C6FC025E4D4A10079BB17 /* Build configuration list for PBXProject "LeapDemoApp" */ = {
			isa = XCConfigurationList;
			buildConfigurations = (
				2D1C6FED25E4D4A40079BB17 /* Debug */,
				2D1C6FEE25E4D4A40079BB17 /* Release */,
			);
			defaultConfigurationIsVisible = 0;
			defaultConfigurationName = Release;
		};
		2D1C6FEF25E4D4A40079BB17 /* Build configuration list for PBXNativeTarget "LeapDemoApp" */ = {
			isa = XCConfigurationList;
			buildConfigurations = (
				2D1C6FF025E4D4A40079BB17 /* Debug */,
				2D1C6FF125E4D4A40079BB17 /* Release */,
			);
			defaultConfigurationIsVisible = 0;
			defaultConfigurationName = Release;
		};
		2D1C6FF225E4D4A40079BB17 /* Build configuration list for PBXNativeTarget "LeapDemoAppTests" */ = {
			isa = XCConfigurationList;
			buildConfigurations = (
				2D1C6FF325E4D4A40079BB17 /* Debug */,
				2D1C6FF425E4D4A40079BB17 /* Release */,
			);
			defaultConfigurationIsVisible = 0;
			defaultConfigurationName = Release;
		};
		2D1C6FF525E4D4A40079BB17 /* Build configuration list for PBXNativeTarget "LeapDemoAppUITests" */ = {
			isa = XCConfigurationList;
			buildConfigurations = (
				2D1C6FF625E4D4A40079BB17 /* Debug */,
				2D1C6FF725E4D4A40079BB17 /* Release */,
			);
			defaultConfigurationIsVisible = 0;
			defaultConfigurationName = Release;
		};
/* End XCConfigurationList section */
	};
	rootObject = 2D1C6FBD25E4D4A10079BB17 /* Project object */;
}
